
Microsoft Visual Studio Solution File, Format Version 12.00
# Visual Studio Version 17
VisualStudioVersion = 17.5.33516.290
MinimumVisualStudioVersion = 10.0.40219.1
Project("{9A19103F-16F7-4668-BE54-9A1E7A4F7556}") = "MinecraftToolkit.NBT", "MinecraftToolkit.NBT\MinecraftToolkit.NBT.csproj", "{19803358-3248-4B02-B0C6-C3266FF94E68}"
EndProject
Project("{FAE04EC0-301F-11D3-BF4B-00C04F79EFBC}") = "MinecraftToolkit.Test", "MinecraftToolkit.Test\MinecraftToolkit.Test.csproj", "{21B0635B-97DE-43D9-8656-972C41F8F96B}"
EndProject
Global
	GlobalSection(SolutionConfigurationPlatforms) = preSolution
		Debug|Any CPU = Debug|Any CPU
		Release|Any CPU = Release|Any CPU
	EndGlobalSection
	GlobalSection(ProjectConfigurationPlatforms) = postSolution
		{19803358-3248-4B02-B0C6-C3266FF94E68}.Debug|Any CPU.ActiveCfg = Debug|Any CPU
		{19803358-3248-4B02-B0C6-C3266FF94E68}.Debug|Any CPU.Build.0 = Debug|Any CPU
		{19803358-3248-4B02-B0C6-C3266FF94E68}.Release|Any CPU.ActiveCfg = Release|Any CPU
		{19803358-3248-4B02-B0C6-C3266FF94E68}.Release|Any CPU.Build.0 = Release|Any CPU
		{21B0635B-97DE-43D9-8656-972C41F8F96B}.Debug|Any CPU.ActiveCfg = Debug|Any CPU
		{21B0635B-97DE-43D9-8656-972C41F8F96B}.Debug|Any CPU.Build.0 = Debug|Any CPU
		{21B0635B-97DE-43D9-8656-972C41F8F96B}.Release|Any CPU.ActiveCfg = Release|Any CPU
		{21B0635B-97DE-43D9-8656-972C41F8F96B}.Release|Any CPU.Build.0 = Release|Any CPU
	EndGlobalSection
	GlobalSection(SolutionProperties) = preSolution
		HideSolutionNode = FALSE
	EndGlobalSection
	GlobalSection(ExtensibilityGlobals) = postSolution
		SolutionGuid = {C76DC83A-372F-46D8-84EB-7F2568252D17}
	EndGlobalSection
EndGlobal
