
Microsoft Visual Studio Solution File, Format Version 12.00
# Visual Studio Version 17
VisualStudioVersion = 17.5.33516.290
MinimumVisualStudioVersion = 10.0.40219.1
Project("{2150E333-8FDC-42A3-9474-1A3956D46DE8}") = "Samples", "Samples", "{BDA7193A-60BD-409A-90D3-54FF057A06B4}"
EndProject
Project("{2150E333-8FDC-42A3-9474-1A3956D46DE8}") = "Benchmark Libraries", "Benchmark Libraries", "{A9C1337B-12DF-49E9-AF70-C2533708CFA8}"
EndProject
Project("{9A19103F-16F7-4668-BE54-9A1E7A4F7556}") = "fNbt", "benchmarks\libs\fNbt\fNbt\fNbt.csproj", "{AEB65BF9-507C-48A9-B8BA-270081207BBC}"
EndProject
Project("{9A19103F-16F7-4668-BE54-9A1E7A4F7556}") = "Substrate", "benchmarks\libs\Substrate\Substrate\Substrate.csproj", "{30636225-033C-44BB-B1E7-F8EA0EAC1C40}"
EndProject
Project("{2150E333-8FDC-42A3-9474-1A3956D46DE8}") = "Solution Items", "Solution Items", "{D19B1B33-141A-4B7D-9321-AA85642D184A}"
	ProjectSection(SolutionItems) = preProject
		.gitattributes = .gitattributes
		.gitignore = .gitignore
		README.md = README.md
	EndProjectSection
EndProject
Project("{9A19103F-16F7-4668-BE54-9A1E7A4F7556}") = "LevelFile", "samples\LevelFile\LevelFile.csproj", "{BAB154F2-48B5-47FF-ABA5-8B40750D2AFC}"
EndProject
Project("{9A19103F-16F7-4668-BE54-9A1E7A4F7556}") = "NbtToolkit.Benchmark", "benchmarks\NbtToolkit.Benchmark\NbtToolkit.Benchmark.csproj", "{6899B4AE-F4C0-415D-B4B5-E85709112649}"
EndProject
Project("{9A19103F-16F7-4668-BE54-9A1E7A4F7556}") = "NbtToolkit", "src\NbtToolkit.csproj", "{B35E6D9A-2B21-4944-BFC5-2199FD277466}"
EndProject
Global
	GlobalSection(SolutionConfigurationPlatforms) = preSolution
		Debug|Any CPU = Debug|Any CPU
		Release|Any CPU = Release|Any CPU
	EndGlobalSection
	GlobalSection(ProjectConfigurationPlatforms) = postSolution
		{AEB65BF9-507C-48A9-B8BA-270081207BBC}.Debug|Any CPU.ActiveCfg = Debug|Any CPU
		{AEB65BF9-507C-48A9-B8BA-270081207BBC}.Debug|Any CPU.Build.0 = Debug|Any CPU
		{AEB65BF9-507C-48A9-B8BA-270081207BBC}.Release|Any CPU.ActiveCfg = Release|Any CPU
		{AEB65BF9-507C-48A9-B8BA-270081207BBC}.Release|Any CPU.Build.0 = Release|Any CPU
		{30636225-033C-44BB-B1E7-F8EA0EAC1C40}.Debug|Any CPU.ActiveCfg = Debug|Any CPU
		{30636225-033C-44BB-B1E7-F8EA0EAC1C40}.Debug|Any CPU.Build.0 = Debug|Any CPU
		{30636225-033C-44BB-B1E7-F8EA0EAC1C40}.Release|Any CPU.ActiveCfg = Release|Any CPU
		{30636225-033C-44BB-B1E7-F8EA0EAC1C40}.Release|Any CPU.Build.0 = Release|Any CPU
		{BAB154F2-48B5-47FF-ABA5-8B40750D2AFC}.Debug|Any CPU.ActiveCfg = Debug|Any CPU
		{BAB154F2-48B5-47FF-ABA5-8B40750D2AFC}.Debug|Any CPU.Build.0 = Debug|Any CPU
		{BAB154F2-48B5-47FF-ABA5-8B40750D2AFC}.Release|Any CPU.ActiveCfg = Release|Any CPU
		{BAB154F2-48B5-47FF-ABA5-8B40750D2AFC}.Release|Any CPU.Build.0 = Release|Any CPU
		{6899B4AE-F4C0-415D-B4B5-E85709112649}.Debug|Any CPU.ActiveCfg = Debug|Any CPU
		{6899B4AE-F4C0-415D-B4B5-E85709112649}.Debug|Any CPU.Build.0 = Debug|Any CPU
		{6899B4AE-F4C0-415D-B4B5-E85709112649}.Release|Any CPU.ActiveCfg = Release|Any CPU
		{6899B4AE-F4C0-415D-B4B5-E85709112649}.Release|Any CPU.Build.0 = Release|Any CPU
		{B35E6D9A-2B21-4944-BFC5-2199FD277466}.Debug|Any CPU.ActiveCfg = Debug|Any CPU
		{B35E6D9A-2B21-4944-BFC5-2199FD277466}.Debug|Any CPU.Build.0 = Debug|Any CPU
		{B35E6D9A-2B21-4944-BFC5-2199FD277466}.Release|Any CPU.ActiveCfg = Release|Any CPU
		{B35E6D9A-2B21-4944-BFC5-2199FD277466}.Release|Any CPU.Build.0 = Release|Any CPU
	EndGlobalSection
	GlobalSection(SolutionProperties) = preSolution
		HideSolutionNode = FALSE
	EndGlobalSection
	GlobalSection(NestedProjects) = preSolution
		{AEB65BF9-507C-48A9-B8BA-270081207BBC} = {A9C1337B-12DF-49E9-AF70-C2533708CFA8}
		{30636225-033C-44BB-B1E7-F8EA0EAC1C40} = {A9C1337B-12DF-49E9-AF70-C2533708CFA8}
		{BAB154F2-48B5-47FF-ABA5-8B40750D2AFC} = {BDA7193A-60BD-409A-90D3-54FF057A06B4}
	EndGlobalSection
	GlobalSection(ExtensibilityGlobals) = postSolution
		SolutionGuid = {C76DC83A-372F-46D8-84EB-7F2568252D17}
	EndGlobalSection
EndGlobal
